PODS:
  - apxml (1.0)
  - PSFoundation (1.0.2)
  - w3action (1.3.4):
    - apxml
    - PSFoundation

DEPENDENCIES:
  - w3action (from `../`)

EXTERNAL SOURCES:
  w3action:
    :path: "../"

SPEC CHECKSUMS:
  apxml: 0930b839c8be6734f5091f8c8889b00f7d59559c
  PSFoundation: b698a314bcdc0d78a33fb15faf86b21614bf704e
  w3action: ef0f8a85c50a280bc5cd44f3999178c70e94e8bf

PODFILE CHECKSUM: ede691377b0e5b0923246a848b97438e4494b545

COCOAPODS: 1.0.0.beta.8
