PODS:
  - apxml (1.0)
  - PSFoundation (1.0.1)
  - w3action (1.3.0):
    - apxml
    - PSFoundation

DEPENDENCIES:
  - w3action (from `../`)

EXTERNAL SOURCES:
  w3action:
    :path: "../"

SPEC CHECKSUMS:
  apxml: 0930b839c8be6734f5091f8c8889b00f7d59559c
  PSFoundation: b4e25f6d7bca5169af24c34163d8341d27a22134
  w3action: fc8c8ae6f7059eac269f1a5ae6b646e67b02ba14

PODFILE CHECKSUM: ede691377b0e5b0923246a848b97438e4494b545

COCOAPODS: 1.0.0.beta.8
